
Microsoft Visual Studio Solution File, Format Version 12.00
# Visual Studio Version 17
VisualStudioVersion = 17.11.35327.3
MinimumVisualStudioVersion = 10.0.40219.1
Project("{FAE04EC0-301F-11D3-BF4B-00C04F79EFBC}") = "AplicatieFitness", "AplicatieFitness.csproj", "{167AE16B-C8B8-4C96-AC37-81A97D70B102}"
EndProject
Global
	GlobalSection(SolutionConfigurationPlatforms) = preSolution
		Debug|Any CPU = Debug|Any CPU
		Release|Any CPU = Release|Any CPU
	EndGlobalSection
	GlobalSection(ProjectConfigurationPlatforms) = postSolution
		{167AE16B-C8B8-4C96-AC37-81A97D70B102}.Debug|Any CPU.ActiveCfg = Debug|Any CPU
		{167AE16B-C8B8-4C96-AC37-81A97D70B102}.Debug|Any CPU.Build.0 = Debug|Any CPU
		{167AE16B-C8B8-4C96-AC37-81A97D70B102}.Release|Any CPU.ActiveCfg = Release|Any CPU
		{167AE16B-C8B8-4C96-AC37-81A97D70B102}.Release|Any CPU.Build.0 = Release|Any CPU
	EndGlobalSection
	GlobalSection(SolutionProperties) = preSolution
		HideSolutionNode = FALSE
	EndGlobalSection
	GlobalSection(ExtensibilityGlobals) = postSolution
		SolutionGuid = {26F52763-65D8-403E-A888-6EAB05FB2AED}
	EndGlobalSection
EndGlobal
